
Microsoft Visual Studio Solution File, Format Version 12.00
# Visual Studio 2013
VisualStudioVersion = 12.0.40629.0
MinimumVisualStudioVersion = 10.0.40219.1
Project("{FAE04EC0-301F-11D3-BF4B-00C04F79EFBC}") = "SIT323", "SIT323\SIT323.csproj", "{12629118-F6F5-4F2E-81F3-74372493395A}"
EndProject
Project("{FAE04EC0-301F-11D3-BF4B-00C04F79EFBC}") = "SIT323Test", "SIT323Test\SIT323Test.csproj", "{F8C05363-DD82-4B6B-AE68-3160E4821258}"
EndProject
Project("{FAE04EC0-301F-11D3-BF4B-00C04F79EFBC}") = "SIT323GUI", "SIT323GUI\SIT323GUI.csproj", "{35B42D05-C07D-4B6D-AF33-3AA8AE949C20}"
EndProject
Project("{FAE04EC0-301F-11D3-BF4B-00C04F79EFBC}") = "CrozzleFormApplication", "CrozzleApplication\CrozzleFormApplication.csproj", "{D99B5107-B237-4DCE-B859-67F52FD8E552}"
EndProject
Global
	GlobalSection(SolutionConfigurationPlatforms) = preSolution
		Debug|Any CPU = Debug|Any CPU
		Release|Any CPU = Release|Any CPU
	EndGlobalSection
	GlobalSection(ProjectConfigurationPlatforms) = postSolution
		{12629118-F6F5-4F2E-81F3-74372493395A}.Debug|Any CPU.ActiveCfg = Debug|Any CPU
		{12629118-F6F5-4F2E-81F3-74372493395A}.Debug|Any CPU.Build.0 = Debug|Any CPU
		{12629118-F6F5-4F2E-81F3-74372493395A}.Release|Any CPU.ActiveCfg = Release|Any CPU
		{12629118-F6F5-4F2E-81F3-74372493395A}.Release|Any CPU.Build.0 = Release|Any CPU
		{F8C05363-DD82-4B6B-AE68-3160E4821258}.Debug|Any CPU.ActiveCfg = Debug|Any CPU
		{F8C05363-DD82-4B6B-AE68-3160E4821258}.Debug|Any CPU.Build.0 = Debug|Any CPU
		{F8C05363-DD82-4B6B-AE68-3160E4821258}.Release|Any CPU.ActiveCfg = Release|Any CPU
		{F8C05363-DD82-4B6B-AE68-3160E4821258}.Release|Any CPU.Build.0 = Release|Any CPU
		{35B42D05-C07D-4B6D-AF33-3AA8AE949C20}.Debug|Any CPU.ActiveCfg = Debug|Any CPU
		{35B42D05-C07D-4B6D-AF33-3AA8AE949C20}.Debug|Any CPU.Build.0 = Debug|Any CPU
		{35B42D05-C07D-4B6D-AF33-3AA8AE949C20}.Release|Any CPU.ActiveCfg = Release|Any CPU
		{35B42D05-C07D-4B6D-AF33-3AA8AE949C20}.Release|Any CPU.Build.0 = Release|Any CPU
		{D99B5107-B237-4DCE-B859-67F52FD8E552}.Debug|Any CPU.ActiveCfg = Debug|Any CPU
		{D99B5107-B237-4DCE-B859-67F52FD8E552}.Debug|Any CPU.Build.0 = Debug|Any CPU
		{D99B5107-B237-4DCE-B859-67F52FD8E552}.Release|Any CPU.ActiveCfg = Release|Any CPU
		{D99B5107-B237-4DCE-B859-67F52FD8E552}.Release|Any CPU.Build.0 = Release|Any CPU
	EndGlobalSection
	GlobalSection(SolutionProperties) = preSolution
		HideSolutionNode = FALSE
	EndGlobalSection
EndGlobal
